
Microsoft Visual Studio Solution File, Format Version 12.00
# Visual Studio Version 17
VisualStudioVersion = 17.9.34321.82
MinimumVisualStudioVersion = 10.0.40219.1
Project("{FAE04EC0-301F-11D3-BF4B-00C04F79EFBC}") = "AkarCommerce.MusicStore.UI", "AkarCommerce.MusicStore.MVC\AkarCommerce.MusicStore.UI.csproj", "{921B4CAA-94B9-4996-8202-BAAEEB5231BF}"
EndProject
Global
	GlobalSection(SolutionConfigurationPlatforms) = preSolution
		Debug|Any CPU = Debug|Any CPU
		Release|Any CPU = Release|Any CPU
	EndGlobalSection
	GlobalSection(ProjectConfigurationPlatforms) = postSolution
		{921B4CAA-94B9-4996-8202-BAAEEB5231BF}.Debug|Any CPU.ActiveCfg = Debug|Any CPU
		{921B4CAA-94B9-4996-8202-BAAEEB5231BF}.Debug|Any CPU.Build.0 = Debug|Any CPU
		{921B4CAA-94B9-4996-8202-BAAEEB5231BF}.Release|Any CPU.ActiveCfg = Release|Any CPU
		{921B4CAA-94B9-4996-8202-BAAEEB5231BF}.Release|Any CPU.Build.0 = Release|Any CPU
	EndGlobalSection
	GlobalSection(SolutionProperties) = preSolution
		HideSolutionNode = FALSE
	EndGlobalSection
	GlobalSection(ExtensibilityGlobals) = postSolution
		SolutionGuid = {03F41E3B-C6D3-461C-91C4-D6A999F8E2D4}
	EndGlobalSection
EndGlobal
